// !$*UTF8*$!
{
	archiveVersion = 1;
	classes = {
	};
	objectVersion = 46;
	objects = {

/* Begin PBXBuildFile section */
		B8B5B4751C59C54D008F4372 /* AppDelegate.swift in Sources */ = {isa = PBXBuildFile; fileRef = B8B5B4741C59C54D008F4372 /* AppDelegate.swift */; };
		B8B5B4771C59C54D008F4372 /* ViewController.swift in Sources */ = {isa = PBXBuildFile; fileRef = B8B5B4761C59C54D008F4372 /* ViewController.swift */; };
		B8B5B47A1C59C54D008F4372 /* Main.storyboard in Resources */ = {isa = PBXBuildFile; fileRef = B8B5B4781C59C54D008F4372 /* Main.storyboard */; };
		B8B5B47C1C59C54D008F4372 /* Assets.xcassets in Resources */ = {isa = PBXBuildFile; fileRef = B8B5B47B1C59C54D008F4372 /* Assets.xcassets */; };
		B8B5B47F1C59C54D008F4372 /* LaunchScreen.storyboard in Resources */ = {isa = PBXBuildFile; fileRef = B8B5B47D1C59C54D008F4372 /* LaunchScreen.storyboard */; };
/* End PBXBuildFile section */

/* Begin PBXFileReference section */
		B8B5B4711C59C54D008F4372 /* Juegos.app */ = {isa = PBXFileReference; explicitFileType = wrapper.application; includeInIndex = 0; path = Juegos.app; sourceTree = BUILT_PRODUCTS_DIR; };
		B8B5B4741C59C54D008F4372 /* AppDelegate.swift */ = {isa = PBXFileReference; lastKnownFileType = sourcecode.swift; path = AppDelegate.swift; sourceTree = "<group>"; };
		B8B5B4761C59C54D008F4372 /* ViewController.swift */ = {isa = PBXFileReference; lastKnownFileType = sourcecode.swift; path = ViewController.swift; sourceTree = "<group>"; };
		B8B5B4791C59C54D008F4372 /* Base */ = {isa = PBXFileReference; lastKnownFileType = file.storyboard; name = Base; path = Base.lproj/Main.storyboard; sourceTree = "<group>"; };
		B8B5B47B1C59C54D008F4372 /* Assets.xcassets */ = {isa = PBXFileReference; lastKnownFileType = folder.assetcatalog; path = Assets.xcassets; sourceTree = "<group>"; };
		B8B5B47E1C59C54D008F4372 /* Base */ = {isa = PBXFileReference; lastKnownFileType = file.storyboard; name = Base; path = Base.lproj/LaunchScreen.storyboard; sourceTree = "<group>"; };
		B8B5B4801C59C54D008F4372 /* Info.plist */ = {isa = PBXFileReference; lastKnownFileType = text.plist.xml; path = Info.plist; sourceTree = "<group>"; };
/* End PBXFileReference section */

/* Begin PBXFrameworksBuildPhase section */
		B8B5B46E1C59C54D008F4372 /* Frameworks */ = {
			isa = PBXFrameworksBuildPhase;
			buildActionMask = 2147483647;
			files = (
			);
			runOnlyForDeploymentPostprocessing = 0;
		};
/* End PBXFrameworksBuildPhase section */

/* Begin PBXGroup section */
		B8B5B4681C59C54C008F4372 = {
			isa = PBXGroup;
			children = (
				B8B5B4731C59C54D008F4372 /* Juegos */,
				B8B5B4721C59C54D008F4372 /* Products */,
			);
			sourceTree = "<group>";
		};
		B8B5B4721C59C54D008F4372 /* Products */ = {
			isa = PBXGroup;
			children = (
				B8B5B4711C59C54D008F4372 /* Juegos.app */,
			);
			name = Products;
			sourceTree = "<group>";
		};
		B8B5B4731C59C54D008F4372 /* Juegos */ = {
			isa = PBXGroup;
			children = (
				B8B5B4741C59C54D008F4372 /* AppDelegate.swift */,
				B8B5B4761C59C54D008F4372 /* ViewController.swift */,
				B8B5B4781C59C54D008F4372 /* Main.storyboard */,
				B8B5B47B1C59C54D008F4372 /* Assets.xcassets */,
				B8B5B47D1C59C54D008F4372 /* LaunchScreen.storyboard */,
				B8B5B4801C59C54D008F4372 /* Info.plist */,
			);
			path = Juegos;
			sourceTree = "<group>";
		};
/* End PBXGroup section */

/* Begin PBXNativeTarget section */
		B8B5B4701C59C54D008F4372 /* Juegos */ = {
			isa = PBXNativeTarget;
			buildConfigurationList = B8B5B4831C59C54D008F4372 /* Build configuration list for PBXNativeTarget "Juegos" */;
			buildPhases = (
				B8B5B46D1C59C54D008F4372 /* Sources */,
				B8B5B46E1C59C54D008F4372 /* Frameworks */,
				B8B5B46F1C59C54D008F4372 /* Resources */,
			);
			buildRules = (
			);
			dependencies = (
			);
			name = Juegos;
			productName = Juegos;
			productReference = B8B5B4711C59C54D008F4372 /* Juegos.app */;
			productType = "com.apple.product-type.application";
		};
/* End PBXNativeTarget section */

/* Begin PBXProject section */
		B8B5B4691C59C54C008F4372 /* Project object */ = {
			isa = PBXProject;
			attributes = {
				LastSwiftUpdateCheck = 0720;
				LastUpgradeCheck = 0720;
				ORGANIZATIONNAME = "Javier Madrid";
				TargetAttributes = {
					B8B5B4701C59C54D008F4372 = {
						CreatedOnToolsVersion = 7.2;
					};
				};
			};
			buildConfigurationList = B8B5B46C1C59C54C008F4372 /* Build configuration list for PBXProject "Juegos" */;
			compatibilityVersion = "Xcode 3.2";
			developmentRegion = English;
			hasScannedForEncodings = 0;
			knownRegions = (
				en,
				Base,
			);
			mainGroup = B8B5B4681C59C54C008F4372;
			productRefGroup = B8B5B4721C59C54D008F4372 /* Products */;
			projectDirPath = "";
			projectRoot = "";
			targets = (
				B8B5B4701C59C54D008F4372 /* Juegos */,
			);
		};
/* End PBXProject section */

/* Begin PBXResourcesBuildPhase section */
		B8B5B46F1C59C54D008F4372 /* Resources */ = {
			isa = PBXResourcesBuildPhase;
			buildActionMask = 2147483647;
			files = (
				B8B5B47F1C59C54D008F4372 /* LaunchScreen.storyboard in Resources */,
				B8B5B47C1C59C54D008F4372 /* Assets.xcassets in Resources */,
				B8B5B47A1C59C54D008F4372 /* Main.storyboard in Resources */,
			);
			runOnlyForDeploymentPostprocessing = 0;
		};
/* End PBXResourcesBuildPhase section */

/* Begin PBXSourcesBuildPhase section */
		B8B5B46D1C59C54D008F4372 /* Sources */ = {
			isa = PBXSourcesBuildPhase;
			buildActionMask = 2147483647;
			files = (
				B8B5B4771C59C54D008F4372 /* ViewController.swift in Sources */,
				B8B5B4751C59C54D008F4372 /* AppDelegate.swift in Sources */,
			);
			runOnlyForDeploymentPostprocessing = 0;
		};
/* End PBXSourcesBuildPhase section */

/* Begin PBXVariantGroup section */
		B8B5B4781C59C54D008F4372 /* Main.storyboard */ = {
			isa = PBXVariantGroup;
			children = (
				B8B5B4791C59C54D008F4372 /* Base */,
			);
			name = Main.storyboard;
			sourceTree = "<group>";
		};
		B8B5B47D1C59C54D008F4372 /* LaunchScreen.storyboard */ = {
			isa = PBXVariantGroup;
			children = (
				B8B5B47E1C59C54D008F4372 /* Base */,
			);
			name = LaunchScreen.storyboard;
			sourceTree = "<group>";
		};
/* End PBXVariantGroup section */

/* Begin XCBuildConfiguration section */
		B8B5B4811C59C54D008F4372 /* Debug */ = {
			isa = XCBuildConfiguration;
			buildSettings = {
				ALWAYS_SEARCH_USER_PATHS = NO;
				CLANG_CXX_LANGUAGE_STANDARD = "gnu++0x";
				CLANG_CXX_LIBRARY = "libc++";
				CLANG_ENABLE_MODULES = YES;
				CLANG_ENABLE_OBJC_ARC = YES;
				CLANG_WARN_BOOL_CONVERSION = YES;
				CLANG_WARN_CONSTANT_CONVERSION = YES;
				CLANG_WARN_DIRECT_OBJC_ISA_USAGE = YES_ERROR;
				CLANG_WARN_EMPTY_BODY = YES;
				CLANG_WARN_ENUM_CONVERSION = YES;
				CLANG_WARN_INT_CONVERSION = YES;
				CLANG_WARN_OBJC_ROOT_CLASS = YES_ERROR;
				CLANG_WARN_UNREACHABLE_CODE = YES;
				CLANG_WARN__DUPLICATE_METHOD_MATCH = YES;
				"CODE_SIGN_IDENTITY[sdk=iphoneos*]" = "iPhone Developer";
				COPY_PHASE_STRIP = NO;
				DEBUG_INFORMATION_FORMAT = dwarf;
				ENABLE_STRICT_OBJC_MSGSEND = YES;
				ENABLE_TESTABILITY = YES;
				GCC_C_LANGUAGE_STANDARD = gnu99;
				GCC_DYNAMIC_NO_PIC = NO;
				GCC_NO_COMMON_BLOCKS = YES;
				GCC_OPTIMIZATION_LEVEL = 0;
				GCC_PREPROCESSOR_DEFINITIONS = (
					"DEBUG=1",
					"$(inherited)",
				);
				GCC_WARN_64_TO_32_BIT_CONVERSION = YES;
				GCC_WARN_ABOUT_RETURN_TYPE = YES_ERROR;
				GCC_WARN_UNDECLARED_SELECTOR = YES;
				GCC_WARN_UNINITIALIZED_AUTOS = YES_AGGRESSIVE;
				GCC_WARN_UNUSED_FUNCTION = YES;
				GCC_WARN_UNUSED_VARIABLE = YES;
				IPHONEOS_DEPLOYMENT_TARGET = 9.2;
				MTL_ENABLE_DEBUG_INFO = YES;
				ONLY_ACTIVE_ARCH = YES;
				SDKROOT = iphoneos;
				SWIFT_OPTIMIZATION_LEVEL = "-Onone";
				TARGETED_DEVICE_FAMILY = "1,2";
			};
			name = Debug;
		};
		B8B5B4821C59C54D008F4372 /* Release */ = {
			isa = XCBuildConfiguration;
			buildSettings = {
				ALWAYS_SEARCH_USER_PATHS = NO;
				CLANG_CXX_LANGUAGE_STANDARD = "gnu++0x";
				CLANG_CXX_LIBRARY = "libc++";
				CLANG_ENABLE_MODULES = YES;
				CLANG_ENABLE_OBJC_ARC = YES;
				CLANG_WARN_BOOL_CONVERSION = YES;
				CLANG_WARN_CONSTANT_CONVERSION = YES;
				CLANG_WARN_DIRECT_OBJC_ISA_USAGE = YES_ERROR;
				CLANG_WARN_EMPTY_BODY = YES;
				CLANG_WARN_ENUM_CONVERSION = YES;
				CLANG_WARN_INT_CONVERSION = YES;
				CLANG_WARN_OBJC_ROOT_CLASS = YES_ERROR;
				CLANG_WARN_UNREACHABLE_CODE = YES;
				CLANG_WARN__DUPLICATE_METHOD_MATCH = YES;
				"CODE_SIGN_IDENTITY[sdk=iphoneos*]" = "iPhone Developer";
				COPY_PHASE_STRIP = NO;
				DEBUG_INFORMATION_FORMAT = "dwarf-with-dsym";
				ENABLE_NS_ASSERTIONS = NO;
				ENABLE_STRICT_OBJC_MSGSEND = YES;
				GCC_C_LANGUAGE_STANDARD = gnu99;
				GCC_NO_COMMON_BLOCKS = YES;
				GCC_WARN_64_TO_32_BIT_CONVERSION = YES;
				GCC_WARN_ABOUT_RETURN_TYPE = YES_ERROR;
				GCC_WARN_UNDECLARED_SELECTOR = YES;
				GCC_WARN_UNINITIALIZED_AUTOS = YES_AGGRESSIVE;
				GCC_WARN_UNUSED_FUNCTION = YES;
				GCC_WARN_UNUSED_VARIABLE = YES;
				IPHONEOS_DEPLOYMENT_TARGET = 9.2;
				MTL_ENABLE_DEBUG_INFO = NO;
				SDKROOT = iphoneos;
				TARGETED_DEVICE_FAMILY = "1,2";
				VALIDATE_PRODUCT = YES;
			};
			name = Release;
		};
		B8B5B4841C59C54D008F4372 /* Debug */ = {
			isa = XCBuildConfiguration;
			buildSettings = {
				ASSETCATALOG_COMPILER_APPICON_NAME = AppIcon;
				INFOPLIST_FILE = Juegos/Info.plist;
				LD_RUNPATH_SEARCH_PATHS = "$(inherited) @executable_path/Frameworks";
				PRODUCT_BUNDLE_IDENTIFIER = x.Juegos;
				PRODUCT_NAME = "$(TARGET_NAME)";
			};
			name = Debug;
		};
		B8B5B4851C59C54D008F4372 /* Release */ = {
			isa = XCBuildConfiguration;
			buildSettings = {
				ASSETCATALOG_COMPILER_APPICON_NAME = AppIcon;
				INFOPLIST_FILE = Juegos/Info.plist;
				LD_RUNPATH_SEARCH_PATHS = "$(inherited) @executable_path/Frameworks";
				PRODUCT_BUNDLE_IDENTIFIER = x.Juegos;
				PRODUCT_NAME = "$(TARGET_NAME)";
			};
			name = Release;
		};
/* End XCBuildConfiguration section */

/* Begin XCConfigurationList section */
		B8B5B46C1C59C54C008F4372 /* Build configuration list for PBXProject "Juegos" */ = {
			isa = XCConfigurationList;
			buildConfigurations = (
				B8B5B4811C59C54D008F4372 /* Debug */,
				B8B5B4821C59C54D008F4372 /* Release */,
			);
			defaultConfigurationIsVisible = 0;
			defaultConfigurationName = Release;
		};
		B8B5B4831C59C54D008F4372 /* Build configuration list for PBXNativeTarget "Juegos" */ = {
			isa = XCConfigurationList;
			buildConfigurations = (
				B8B5B4841C59C54D008F4372 /* Debug */,
				B8B5B4851C59C54D008F4372 /* Release */,
			);
			defaultConfigurationIsVisible = 0;
		};
/* End XCConfigurationList section */
	};
	rootObject = B8B5B4691C59C54C008F4372 /* Project object */;
}
